// !$*UTF8*$!
{
	archiveVersion = 1;
	classes = {
	};
	objectVersion = 46;
	objects = {

/* Begin PBXBuildFile section */
		F76580011A0A7CE200F06945 /* main.m in Sources */ = {isa = PBXBuildFile; fileRef = F76580001A0A7CE200F06945 /* main.m */; };
		F76580041A0A7CE200F06945 /* AppDelegate.m in Sources */ = {isa = PBXBuildFile; fileRef = F76580031A0A7CE200F06945 /* AppDelegate.m */; };
		F76580071A0A7CE200F06945 /* ViewController.m in Sources */ = {isa = PBXBuildFile; fileRef = F76580061A0A7CE200F06945 /* ViewController.m */; };
		F765800A1A0A7CE200F06945 /* Main.storyboard in Resources */ = {isa = PBXBuildFile; fileRef = F76580081A0A7CE200F06945 /* Main.storyboard */; };
		F765800C1A0A7CE200F06945 /* Images.xcassets in Resources */ = {isa = PBXBuildFile; fileRef = F765800B1A0A7CE200F06945 /* Images.xcassets */; };
		F765800F1A0A7CE200F06945 /* LaunchScreen.xib in Resources */ = {isa = PBXBuildFile; fileRef = F765800D1A0A7CE200F06945 /* LaunchScreen.xib */; };
		F765801B1A0A7CE200F06945 /* Overdue_Task_ListTests.m in Sources */ = {isa = PBXBuildFile; fileRef = F765801A1A0A7CE200F06945 /* Overdue_Task_ListTests.m */; };
/* End PBXBuildFile section */

/* Begin PBXContainerItemProxy section */
		F76580151A0A7CE200F06945 /* PBXContainerItemProxy */ = {
			isa = PBXContainerItemProxy;
			containerPortal = F7657FF31A0A7CE200F06945 /* Project object */;
			proxyType = 1;
			remoteGlobalIDString = F7657FFA1A0A7CE200F06945;
			remoteInfo = "Overdue Task List";
		};
/* End PBXContainerItemProxy section */

/* Begin PBXFileReference section */
		F7657FFB1A0A7CE200F06945 /* Overdue Task List.app */ = {isa = PBXFileReference; explicitFileType = wrapper.application; includeInIndex = 0; path = "Overdue Task List.app"; sourceTree = BUILT_PRODUCTS_DIR; };
		F7657FFF1A0A7CE200F06945 /* Info.plist */ = {isa = PBXFileReference; lastKnownFileType = text.plist.xml; path = Info.plist; sourceTree = "<group>"; };
		F76580001A0A7CE200F06945 /* main.m */ = {isa = PBXFileReference; lastKnownFileType = sourcecode.c.objc; path = main.m; sourceTree = "<group>"; };
		F76580021A0A7CE200F06945 /* AppDelegate.h */ = {isa = PBXFileReference; lastKnownFileType = sourcecode.c.h; path = AppDelegate.h; sourceTree = "<group>"; };
		F76580031A0A7CE200F06945 /* AppDelegate.m */ = {isa = PBXFileReference; lastKnownFileType = sourcecode.c.objc; path = AppDelegate.m; sourceTree = "<group>"; };
		F76580051A0A7CE200F06945 /* ViewController.h */ = {isa = PBXFileReference; lastKnownFileType = sourcecode.c.h; path = ViewController.h; sourceTree = "<group>"; };
		F76580061A0A7CE200F06945 /* ViewController.m */ = {isa = PBXFileReference; lastKnownFileType = sourcecode.c.objc; path = ViewController.m; sourceTree = "<group>"; };
		F76580091A0A7CE200F06945 /* Base */ = {isa = PBXFileReference; lastKnownFileType = file.storyboard; name = Base; path = Base.lproj/Main.storyboard; sourceTree = "<group>"; };
		F765800B1A0A7CE200F06945 /* Images.xcassets */ = {isa = PBXFileReference; lastKnownFileType = folder.assetcatalog; path = Images.xcassets; sourceTree = "<group>"; };
		F765800E1A0A7CE200F06945 /* Base */ = {isa = PBXFileReference; lastKnownFileType = file.xib; name = Base; path = Base.lproj/LaunchScreen.xib; sourceTree = "<group>"; };
		F76580141A0A7CE200F06945 /* Overdue Task ListTests.xctest */ = {isa = PBXFileReference; explicitFileType = wrapper.cfbundle; includeInIndex = 0; path = "Overdue Task ListTests.xctest"; sourceTree = BUILT_PRODUCTS_DIR; };
		F76580191A0A7CE200F06945 /* Info.plist */ = {isa = PBXFileReference; lastKnownFileType = text.plist.xml; path = Info.plist; sourceTree = "<group>"; };
		F765801A1A0A7CE200F06945 /* Overdue_Task_ListTests.m */ = {isa = PBXFileReference; lastKnownFileType = sourcecode.c.objc; path = Overdue_Task_ListTests.m; sourceTree = "<group>"; };
/* End PBXFileReference section */

/* Begin PBXFrameworksBuildPhase section */
		F7657FF81A0A7CE200F06945 /* Frameworks */ = {
			isa = PBXFrameworksBuildPhase;
			buildActionMask = 2147483647;
			files = (
			);
			runOnlyForDeploymentPostprocessing = 0;
		};
		F76580111A0A7CE200F06945 /* Frameworks */ = {
			isa = PBXFrameworksBuildPhase;
			buildActionMask = 2147483647;
			files = (
			);
			runOnlyForDeploymentPostprocessing = 0;
		};
/* End PBXFrameworksBuildPhase section */

/* Begin PBXGroup section */
		F7657FF21A0A7CE200F06945 = {
			isa = PBXGroup;
			children = (
				F7657FFD1A0A7CE200F06945 /* Overdue Task List */,
				F76580171A0A7CE200F06945 /* Overdue Task ListTests */,
				F7657FFC1A0A7CE200F06945 /* Products */,
			);
			sourceTree = "<group>";
		};
		F7657FFC1A0A7CE200F06945 /* Products */ = {
			isa = PBXGroup;
			children = (
				F7657FFB1A0A7CE200F06945 /* Overdue Task List.app */,
				F76580141A0A7CE200F06945 /* Overdue Task ListTests.xctest */,
			);
			name = Products;
			sourceTree = "<group>";
		};
		F7657FFD1A0A7CE200F06945 /* Overdue Task List */ = {
			isa = PBXGroup;
			children = (
				F76580021A0A7CE200F06945 /* AppDelegate.h */,
				F76580031A0A7CE200F06945 /* AppDelegate.m */,
				F76580051A0A7CE200F06945 /* ViewController.h */,
				F76580061A0A7CE200F06945 /* ViewController.m */,
				F76580081A0A7CE200F06945 /* Main.storyboard */,
				F765800B1A0A7CE200F06945 /* Images.xcassets */,
				F765800D1A0A7CE200F06945 /* LaunchScreen.xib */,
				F7657FFE1A0A7CE200F06945 /* Supporting Files */,
			);
			path = "Overdue Task List";
			sourceTree = "<group>";
		};
		F7657FFE1A0A7CE200F06945 /* Supporting Files */ = {
			isa = PBXGroup;
			children = (
				F7657FFF1A0A7CE200F06945 /* Info.plist */,
				F76580001A0A7CE200F06945 /* main.m */,
			);
			name = "Supporting Files";
			sourceTree = "<group>";
		};
		F76580171A0A7CE200F06945 /* Overdue Task ListTests */ = {
			isa = PBXGroup;
			children = (
				F765801A1A0A7CE200F06945 /* Overdue_Task_ListTests.m */,
				F76580181A0A7CE200F06945 /* Supporting Files */,
			);
			path = "Overdue Task ListTests";
			sourceTree = "<group>";
		};
		F76580181A0A7CE200F06945 /* Supporting Files */ = {
			isa = PBXGroup;
			children = (
				F76580191A0A7CE200F06945 /* Info.plist */,
			);
			name = "Supporting Files";
			sourceTree = "<group>";
		};
/* End PBXGroup section */

/* Begin PBXNativeTarget section */
		F7657FFA1A0A7CE200F06945 /* Overdue Task List */ = {
			isa = PBXNativeTarget;
			buildConfigurationList = F765801E1A0A7CE200F06945 /* Build configuration list for PBXNativeTarget "Overdue Task List" */;
			buildPhases = (
				F7657FF71A0A7CE200F06945 /* Sources */,
				F7657FF81A0A7CE200F06945 /* Frameworks */,
				F7657FF91A0A7CE200F06945 /* Resources */,
			);
			buildRules = (
			);
			dependencies = (
			);
			name = "Overdue Task List";
			productName = "Overdue Task List";
			productReference = F7657FFB1A0A7CE200F06945 /* Overdue Task List.app */;
			productType = "com.apple.product-type.application";
		};
		F76580131A0A7CE200F06945 /* Overdue Task ListTests */ = {
			isa = PBXNativeTarget;
			buildConfigurationList = F76580211A0A7CE200F06945 /* Build configuration list for PBXNativeTarget "Overdue Task ListTests" */;
			buildPhases = (
				F76580101A0A7CE200F06945 /* Sources */,
				F76580111A0A7CE200F06945 /* Frameworks */,
				F76580121A0A7CE200F06945 /* Resources */,
			);
			buildRules = (
			);
			dependencies = (
				F76580161A0A7CE200F06945 /* PBXTargetDependency */,
			);
			name = "Overdue Task ListTests";
			productName = "Overdue Task ListTests";
			productReference = F76580141A0A7CE200F06945 /* Overdue Task ListTests.xctest */;
			productType = "com.apple.product-type.bundle.unit-test";
		};
/* End PBXNativeTarget section */

/* Begin PBXProject section */
		F7657FF31A0A7CE200F06945 /* Project object */ = {
			isa = PBXProject;
			attributes = {
				LastUpgradeCheck = 0610;
				ORGANIZATIONNAME = nordPoint;
				TargetAttributes = {
					F7657FFA1A0A7CE200F06945 = {
						CreatedOnToolsVersion = 6.1;
					};
					F76580131A0A7CE200F06945 = {
						CreatedOnToolsVersion = 6.1;
						TestTargetID = F7657FFA1A0A7CE200F06945;
					};
				};
			};
			buildConfigurationList = F7657FF61A0A7CE200F06945 /* Build configuration list for PBXProject "Overdue Task List" */;
			compatibilityVersion = "Xcode 3.2";
			developmentRegion = English;
			hasScannedForEncodings = 0;
			knownRegions = (
				en,
				Base,
			);
			mainGroup = F7657FF21A0A7CE200F06945;
			productRefGroup = F7657FFC1A0A7CE200F06945 /* Products */;
			projectDirPath = "";
			projectRoot = "";
			targets = (
				F7657FFA1A0A7CE200F06945 /* Overdue Task List */,
				F76580131A0A7CE200F06945 /* Overdue Task ListTests */,
			);
		};
/* End PBXProject section */

/* Begin PBXResourcesBuildPhase section */
		F7657FF91A0A7CE200F06945 /* Resources */ = {
			isa = PBXResourcesBuildPhase;
			buildActionMask = 2147483647;
			files = (
				F765800A1A0A7CE200F06945 /* Main.storyboard in Resources */,
				F765800F1A0A7CE200F06945 /* LaunchScreen.xib in Resources */,
				F765800C1A0A7CE200F06945 /* Images.xcassets in Resources */,
			);
			runOnlyForDeploymentPostprocessing = 0;
		};
		F76580121A0A7CE200F06945 /* Resources */ = {
			isa = PBXResourcesBuildPhase;
			buildActionMask = 2147483647;
			files = (
			);
			runOnlyForDeploymentPostprocessing = 0;
		};
/* End PBXResourcesBuildPhase section */

/* Begin PBXSourcesBuildPhase section */
		F7657FF71A0A7CE200F06945 /* Sources */ = {
			isa = PBXSourcesBuildPhase;
			buildActionMask = 2147483647;
			files = (
				F76580071A0A7CE200F06945 /* ViewController.m in Sources */,
				F76580041A0A7CE200F06945 /* AppDelegate.m in Sources */,
				F76580011A0A7CE200F06945 /* main.m in Sources */,
			);
			runOnlyForDeploymentPostprocessing = 0;
		};
		F76580101A0A7CE200F06945 /* Sources */ = {
			isa = PBXSourcesBuildPhase;
			buildActionMask = 2147483647;
			files = (
				F765801B1A0A7CE200F06945 /* Overdue_Task_ListTests.m in Sources */,
			);
			runOnlyForDeploymentPostprocessing = 0;
		};
/* End PBXSourcesBuildPhase section */

/* Begin PBXTargetDependency section */
		F76580161A0A7CE200F06945 /* PBXTargetDependency */ = {
			isa = PBXTargetDependency;
			target = F7657FFA1A0A7CE200F06945 /* Overdue Task List */;
			targetProxy = F76580151A0A7CE200F06945 /* PBXContainerItemProxy */;
		};
/* End PBXTargetDependency section */

/* Begin PBXVariantGroup section */
		F76580081A0A7CE200F06945 /* Main.storyboard */ = {
			isa = PBXVariantGroup;
			children = (
				F76580091A0A7CE200F06945 /* Base */,
			);
			name = Main.storyboard;
			sourceTree = "<group>";
		};
		F765800D1A0A7CE200F06945 /* LaunchScreen.xib */ = {
			isa = PBXVariantGroup;
			children = (
				F765800E1A0A7CE200F06945 /* Base */,
			);
			name = LaunchScreen.xib;
			sourceTree = "<group>";
		};
/* End PBXVariantGroup section */

/* Begin XCBuildConfiguration section */
		F765801C1A0A7CE200F06945 /* Debug */ = {
			isa = XCBuildConfiguration;
			buildSettings = {
				ALWAYS_SEARCH_USER_PATHS = NO;
				CLANG_CXX_LANGUAGE_STANDARD = "gnu++0x";
				CLANG_CXX_LIBRARY = "libc++";
				CLANG_ENABLE_MODULES = YES;
				CLANG_ENABLE_OBJC_ARC = YES;
				CLANG_WARN_BOOL_CONVERSION = YES;
				CLANG_WARN_CONSTANT_CONVERSION = YES;
				CLANG_WARN_DIRECT_OBJC_ISA_USAGE = YES_ERROR;
				CLANG_WARN_EMPTY_BODY = YES;
				CLANG_WARN_ENUM_CONVERSION = YES;
				CLANG_WARN_INT_CONVERSION = YES;
				CLANG_WARN_OBJC_ROOT_CLASS = YES_ERROR;
				CLANG_WARN_UNREACHABLE_CODE = YES;
				CLANG_WARN__DUPLICATE_METHOD_MATCH = YES;
				"CODE_SIGN_IDENTITY[sdk=iphoneos*]" = "iPhone Developer";
				COPY_PHASE_STRIP = NO;
				ENABLE_STRICT_OBJC_MSGSEND = YES;
				GCC_C_LANGUAGE_STANDARD = gnu99;
				GCC_DYNAMIC_NO_PIC = NO;
				GCC_OPTIMIZATION_LEVEL = 0;
				GCC_PREPROCESSOR_DEFINITIONS = (
					"DEBUG=1",
					"$(inherited)",
				);
				GCC_SYMBOLS_PRIVATE_EXTERN = NO;
				GCC_WARN_64_TO_32_BIT_CONVERSION = YES;
				GCC_WARN_ABOUT_RETURN_TYPE = YES_ERROR;
				GCC_WARN_UNDECLARED_SELECTOR = YES;
				GCC_WARN_UNINITIALIZED_AUTOS = YES_AGGRESSIVE;
				GCC_WARN_UNUSED_FUNCTION = YES;
				GCC_WARN_UNUSED_VARIABLE = YES;
				IPHONEOS_DEPLOYMENT_TARGET = 8.1;
				MTL_ENABLE_DEBUG_INFO = YES;
				ONLY_ACTIVE_ARCH = YES;
				SDKROOT = iphoneos;
			};
			name = Debug;
		};
		F765801D1A0A7CE200F06945 /* Release */ = {
			isa = XCBuildConfiguration;
			buildSettings = {
				ALWAYS_SEARCH_USER_PATHS = NO;
				CLANG_CXX_LANGUAGE_STANDARD = "gnu++0x";
				CLANG_CXX_LIBRARY = "libc++";
				CLANG_ENABLE_MODULES = YES;
				CLANG_ENABLE_OBJC_ARC = YES;
				CLANG_WARN_BOOL_CONVERSION = YES;
				CLANG_WARN_CONSTANT_CONVERSION = YES;
				CLANG_WARN_DIRECT_OBJC_ISA_USAGE = YES_ERROR;
				CLANG_WARN_EMPTY_BODY = YES;
				CLANG_WARN_ENUM_CONVERSION = YES;
				CLANG_WARN_INT_CONVERSION = YES;
				CLANG_WARN_OBJC_ROOT_CLASS = YES_ERROR;
				CLANG_WARN_UNREACHABLE_CODE = YES;
				CLANG_WARN__DUPLICATE_METHOD_MATCH = YES;
				"CODE_SIGN_IDENTITY[sdk=iphoneos*]" = "iPhone Developer";
				COPY_PHASE_STRIP = YES;
				ENABLE_NS_ASSERTIONS = NO;
				ENABLE_STRICT_OBJC_MSGSEND = YES;
				GCC_C_LANGUAGE_STANDARD = gnu99;
				GCC_WARN_64_TO_32_BIT_CONVERSION = YES;
				GCC_WARN_ABOUT_RETURN_TYPE = YES_ERROR;
				GCC_WARN_UNDECLARED_SELECTOR = YES;
				GCC_WARN_UNINITIALIZED_AUTOS = YES_AGGRESSIVE;
				GCC_WARN_UNUSED_FUNCTION = YES;
				GCC_WARN_UNUSED_VARIABLE = YES;
				IPHONEOS_DEPLOYMENT_TARGET = 8.1;
				MTL_ENABLE_DEBUG_INFO = NO;
				SDKROOT = iphoneos;
				VALIDATE_PRODUCT = YES;
			};
			name = Release;
		};
		F765801F1A0A7CE200F06945 /* Debug */ = {
			isa = XCBuildConfiguration;
			buildSettings = {
				ASSETCATALOG_COMPILER_APPICON_NAME = AppIcon;
				INFOPLIST_FILE = "Overdue Task List/Info.plist";
				LD_RUNPATH_SEARCH_PATHS = "$(inherited) @executable_path/Frameworks";
				PRODUCT_NAME = "$(TARGET_NAME)";
			};
			name = Debug;
		};
		F76580201A0A7CE200F06945 /* Release */ = {
			isa = XCBuildConfiguration;
			buildSettings = {
				ASSETCATALOG_COMPILER_APPICON_NAME = AppIcon;
				INFOPLIST_FILE = "Overdue Task List/Info.plist";
				LD_RUNPATH_SEARCH_PATHS = "$(inherited) @executable_path/Frameworks";
				PRODUCT_NAME = "$(TARGET_NAME)";
			};
			name = Release;
		};
		F76580221A0A7CE200F06945 /* Debug */ = {
			isa = XCBuildConfiguration;
			buildSettings = {
				BUNDLE_LOADER = "$(TEST_HOST)";
				FRAMEWORK_SEARCH_PATHS = (
					"$(SDKROOT)/Developer/Library/Frameworks",
					"$(inherited)",
				);
				GCC_PREPROCESSOR_DEFINITIONS = (
					"DEBUG=1",
					"$(inherited)",
				);
				INFOPLIST_FILE = "Overdue Task ListTests/Info.plist";
				LD_RUNPATH_SEARCH_PATHS = "$(inherited) @executable_path/Frameworks @loader_path/Frameworks";
				PRODUCT_NAME = "$(TARGET_NAME)";
				TEST_HOST = "$(BUILT_PRODUCTS_DIR)/Overdue Task List.app/Overdue Task List";
			};
			name = Debug;
		};
		F76580231A0A7CE200F06945 /* Release */ = {
			isa = XCBuildConfiguration;
			buildSettings = {
				BUNDLE_LOADER = "$(TEST_HOST)";
				FRAMEWORK_SEARCH_PATHS = (
					"$(SDKROOT)/Developer/Library/Frameworks",
					"$(inherited)",
				);
				INFOPLIST_FILE = "Overdue Task ListTests/Info.plist";
				LD_RUNPATH_SEARCH_PATHS = "$(inherited) @executable_path/Frameworks @loader_path/Frameworks";
				PRODUCT_NAME = "$(TARGET_NAME)";
				TEST_HOST = "$(BUILT_PRODUCTS_DIR)/Overdue Task List.app/Overdue Task List";
			};
			name = Release;
		};
/* End XCBuildConfiguration section */

/* Begin XCConfigurationList section */
		F7657FF61A0A7CE200F06945 /* Build configuration list for PBXProject "Overdue Task List" */ = {
			isa = XCConfigurationList;
			buildConfigurations = (
				F765801C1A0A7CE200F06945 /* Debug */,
				F765801D1A0A7CE200F06945 /* Release */,
			);
			defaultConfigurationIsVisible = 0;
			defaultConfigurationName = Release;
		};
		F765801E1A0A7CE200F06945 /* Build configuration list for PBXNativeTarget "Overdue Task List" */ = {
			isa = XCConfigurationList;
			buildConfigurations = (
				F765801F1A0A7CE200F06945 /* Debug */,
				F76580201A0A7CE200F06945 /* Release */,
			);
			defaultConfigurationIsVisible = 0;
		};
		F76580211A0A7CE200F06945 /* Build configuration list for PBXNativeTarget "Overdue Task ListTests" */ = {
			isa = XCConfigurationList;
			buildConfigurations = (
				F76580221A0A7CE200F06945 /* Debug */,
				F76580231A0A7CE200F06945 /* Release */,
			);
			defaultConfigurationIsVisible = 0;
		};
/* End XCConfigurationList section */
	};
	rootObject = F7657FF31A0A7CE200F06945 /* Project object */;
}
